<?xml version="1.0" encoding="utf-8"?>
<Project ToolsVersion="4.0" xmlns="http://schemas.microsoft.com/developer/msbuild/2003">
  <ItemGroup>
    <Filter Include="Source Files">
      <UniqueIdentifier>{4FC737F1-C7A5-4376-A066-2A32D752A2FF}</UniqueIdentifier>
      <Extensions>cpp;c;cc;cxx;def;odl;idl;hpj;bat;asm;asmx</Extensions>
    </Filter>
    <Filter Include="Header Files">
      <UniqueIdentifier>{93995380-89BD-4b04-88EB-625FBE52EBFB}</UniqueIdentifier>
      <Extensions>h;hpp;hxx;hm;inl;inc;xsd</Extensions>
    </Filter>
    <Filter Include="Resource Files">
      <UniqueIdentifier>{67DA6AB6-F800-4c08-8B7A-83BB121AAD01}</UniqueIdentifier>
      <Extensions>rc;ico;cur;bmp;dlg;rc2;rct;bin;rgs;gif;jpg;jpeg;jpe;resx;tiff;tif;png;wav;mfcribbon-ms</Extensions>
    </Filter>
    <Filter Include="App">
      <UniqueIdentifier>{d4d946fe-c51c-45e3-8765-75e8faaa1664}</UniqueIdentifier>
    </Filter>
  </ItemGroup>
  <ItemGroup>
    <None Include="ReadMe.txt" />
    <None Include="small.ico">
      <Filter>Resource Files</Filter>
    </None>
    <None Include="cerv1.ico">
      <Filter>Resource Files</Filter>
    </None>
  </ItemGroup>
  <ItemGroup>
    <ClInclude Include="stdafx.h">
      <Filter>Header Files</Filter>
    </ClInclude>
    <ClInclude Include="targetver.h">
      <Filter>Header Files</Filter>
    </ClInclude>
    <ClInclude Include="Resource.h">
      <Filter>Header Files</Filter>
    </ClInclude>
    <ClInclude Include="cerv1.h">
      <Filter>Header Files</Filter>
    </ClInclude>
    <ClInclude Include="Device.h">
      <Filter>App</Filter>
    </ClInclude>
    <ClInclude Include="game.h">
      <Filter>App</Filter>
    </ClInclude>
    <ClInclude Include="gfx.h">
      <Filter>App</Filter>
    </ClInclude>
    <ClInclude Include="player.h">
      <Filter>App</Filter>
    </ClInclude>
    <ClInclude Include="tools.h">
      <Filter>App</Filter>
    </ClInclude>
    <ClInclude Include="cerv.h">
      <Filter>App</Filter>
    </ClInclude>
    <ClInclude Include="ai.h">
      <Filter>App</Filter>
    </ClInclude>
    <ClInclude Include="bullets.h">
      <Filter>App</Filter>
    </ClInclude>
    <ClInclude Include="eraser.h">
      <Filter>App</Filter>
    </ClInclude>
    <ClInclude Include="extras.h">
      <Filter>App</Filter>
    </ClInclude>
    <ClInclude Include="hud.h">
      <Filter>App</Filter>
    </ClInclude>
    <ClInclude Include="powerups.h">
      <Filter>App</Filter>
    </ClInclude>
    <ClInclude Include="music.h">
      <Filter>App</Filter>
    </ClInclude>
    <ClInclude Include="network.h">
      <Filter>App</Filter>
    </ClInclude>
    <ClInclude Include="websocket.h">
      <Filter>App</Filter>
    </ClInclude>
  </ItemGroup>
  <ItemGroup>
    <ClCompile Include="stdafx.cpp">
      <Filter>Source Files</Filter>
    </ClCompile>
    <ClCompile Include="cerv1.cpp">
      <Filter>Source Files</Filter>
    </ClCompile>
    <ClCompile Include="game.cpp">
      <Filter>App</Filter>
    </ClCompile>
    <ClCompile Include="gfx.cpp">
      <Filter>App</Filter>
    </ClCompile>
    <ClCompile Include="player.cpp">
      <Filter>App</Filter>
    </ClCompile>
    <ClCompile Include="tools.cpp">
      <Filter>App</Filter>
    </ClCompile>
    <ClCompile Include="cerv.cpp">
      <Filter>App</Filter>
    </ClCompile>
    <ClCompile Include="ai.cpp">
      <Filter>App</Filter>
    </ClCompile>
    <ClCompile Include="bullets.cpp">
      <Filter>App</Filter>
    </ClCompile>
    <ClCompile Include="eraser.cpp">
      <Filter>App</Filter>
    </ClCompile>
    <ClCompile Include="extras.cpp">
      <Filter>App</Filter>
    </ClCompile>
    <ClCompile Include="hud.cpp">
      <Filter>App</Filter>
    </ClCompile>
    <ClCompile Include="powerups.cpp">
      <Filter>App</Filter>
    </ClCompile>
    <ClCompile Include="music.cpp">
      <Filter>App</Filter>
    </ClCompile>
    <ClCompile Include="network.cpp">
      <Filter>App</Filter>
    </ClCompile>
  </ItemGroup>
  <ItemGroup>
    <ResourceCompile Include="cerv1.rc">
      <Filter>Resource Files</Filter>
    </ResourceCompile>
  </ItemGroup>
</Project>