
Microsoft Visual Studio Solution File, Format Version 11.00
# Visual Studio 2010
Project("{8BC9CEB8-8B4A-11D0-8D11-00A0C91BC942}") = "cerv1", "cerv1\cerv1.vcxproj", "{9B2370B1-A886-4070-93F3-26D309352A32}"
EndProject
Global
	GlobalSection(SolutionConfigurationPlatforms) = preSolution
		Debug|Win32 = Debug|Win32
		Release|Win32 = Release|Win32
	EndGlobalSection
	GlobalSection(ProjectConfigurationPlatforms) = postSolution
		{9B2370B1-A886-4070-93F3-26D309352A32}.Debug|Win32.ActiveCfg = Debug|Win32
		{9B2370B1-A886-4070-93F3-26D309352A32}.Debug|Win32.Build.0 = Debug|Win32
		{9B2370B1-A886-4070-93F3-26D309352A32}.Release|Win32.ActiveCfg = Release|Win32
		{9B2370B1-A886-4070-93F3-26D309352A32}.Release|Win32.Build.0 = Release|Win32
	EndGlobalSection
	GlobalSection(SolutionProperties) = preSolution
		HideSolutionNode = FALSE
	EndGlobalSection
EndGlobal
